
Microsoft Visual Studio Solution File, Format Version 12.00
# Visual Studio Version 17
VisualStudioVersion = 17.0.31903.59
MinimumVisualStudioVersion = 10.0.40219.1
Project("{FAE04EC0-301F-11D3-BF4B-00C04F79EFBC}") = "TravelshareBackend", "TravelshareBackend\TravelshareBackend.csproj", "{6CF7A00C-D94F-4461-BB7F-C7DCA050DED3}"
EndProject
Project("{FAE04EC0-301F-11D3-BF4B-00C04F79EFBC}") = "TravelshareBlazor", "TravelshareBlazor\TravelshareBlazor.csproj", "{7D4E0ECD-EEA7-43A4-A0C9-D834B0BFB854}"
EndProject
Global
	GlobalSection(SolutionConfigurationPlatforms) = preSolution
		Debug|Any CPU = Debug|Any CPU
		Release|Any CPU = Release|Any CPU
	EndGlobalSection
	GlobalSection(SolutionProperties) = preSolution
		HideSolutionNode = FALSE
	EndGlobalSection
	GlobalSection(ProjectConfigurationPlatforms) = postSolution
		{6CF7A00C-D94F-4461-BB7F-C7DCA050DED3}.Debug|Any CPU.ActiveCfg = Debug|Any CPU
		{6CF7A00C-D94F-4461-BB7F-C7DCA050DED3}.Debug|Any CPU.Build.0 = Debug|Any CPU
		{6CF7A00C-D94F-4461-BB7F-C7DCA050DED3}.Release|Any CPU.ActiveCfg = Release|Any CPU
		{6CF7A00C-D94F-4461-BB7F-C7DCA050DED3}.Release|Any CPU.Build.0 = Release|Any CPU
		{7D4E0ECD-EEA7-43A4-A0C9-D834B0BFB854}.Debug|Any CPU.ActiveCfg = Debug|Any CPU
		{7D4E0ECD-EEA7-43A4-A0C9-D834B0BFB854}.Debug|Any CPU.Build.0 = Debug|Any CPU
		{7D4E0ECD-EEA7-43A4-A0C9-D834B0BFB854}.Release|Any CPU.ActiveCfg = Release|Any CPU
		{7D4E0ECD-EEA7-43A4-A0C9-D834B0BFB854}.Release|Any CPU.Build.0 = Release|Any CPU
	EndGlobalSection
EndGlobal
